# THIS IS AN AUTOGENERATED FILE. DO NOT EDIT THIS FILE DIRECTLY.
# yarn lockfile v1


"@algolia/cache-browser-local-storage@4.9.2":
  version "4.9.2"
  resolved "https://registry.yarnpkg.com/@algolia/cache-browser-local-storage/-/cache-browser-local-storage-4.9.2.tgz#c618c8bc8330610649ae5860a18542f82fc58c57"
  integrity sha512-R54LWoPgwvmBR7itDKdq/ZJKv5pbtu6cVHovPU9l1QrtvZM0XcSh2c2MY8beELo+uMuTDQ007sTM8dsQ4C7Www==
  dependencies:
    "@algolia/cache-common" "4.9.2"

"@algolia/cache-common@4.9.2":
  version "4.9.2"
  resolved "https://registry.yarnpkg.com/@algolia/cache-common/-/cache-common-4.9.2.tgz#00eddf800d42c03b339465fdcdb7fbe49a3054aa"
  integrity sha512-50EffDYcFi08CpSvYAgRUplqj3/xaAqP4S5wuHG7Gr1ZLQpKBP7GxmPuFyjZgj7thOhsUS5DH8efVR/IpIrSBw==

"@algolia/cache-in-memory@4.9.2":
  version "4.9.2"
  resolved "https://registry.yarnpkg.com/@algolia/cache-in-memory/-/cache-in-memory-4.9.2.tgz#9181de93e300a58722ee6c29bc33261c411f9b03"
  integrity sha512-RF4Z6XFOfS5G/PwtUddBoLEwTBy1HsimoXRpglnGftJH24alL9X2jCuCz9t12ND2o5eDDlbNVAqLfu8T0UQRQg==
  dependencies:
    "@algolia/cache-common" "4.9.2"

"@algolia/client-account@4.9.2":
  version "4.9.2"
  resolved "https://registry.yarnpkg.com/@algolia/client-account/-/client-account-4.9.2.tgz#a9ac94f951b231760f1615e5ac9409d1f7c7b89a"
  integrity sha512-E67xDSaHed38fIdVT/Jrnr/HzohVoRfNGhTAKJG4sTy6K5AkrqzM/7ZRJp56bU38ZG4frvdQfxC/oGCFkn6bEA==
  dependencies:
    "@algolia/client-common" "4.9.2"
    "@algolia/client-search" "4.9.2"
    "@algolia/transporter" "4.9.2"

"@algolia/client-analytics@4.9.2":
  version "4.9.2"
  resolved "https://registry.yarnpkg.com/@algolia/client-analytics/-/client-analytics-4.9.2.tgz#d854defbfd5e1640d2b0abf4bb6d2dcd7afc09e1"
  integrity sha512-zexfopj1zDgNfXHgl3e4S4ERlulKUTdnFgDvGBhsqyW/bDyqZ410HZhOuzVZE5SxJdy0qa0hCadmwVNgu1ND6A==
  dependencies:
    "@algolia/client-common" "4.9.2"
    "@algolia/client-search" "4.9.2"
    "@algolia/requester-common" "4.9.2"
    "@algolia/transporter" "4.9.2"

"@algolia/client-common@4.9.2":
  version "4.9.2"
  resolved "https://registry.yarnpkg.com/@algolia/client-common/-/client-common-4.9.2.tgz#c75adccdc945ea21c484bd102354c0dd5166f795"
  integrity sha512-++2h3FiHiRApAkD+Dxk+iW6wpvHjGZ5gSkDCYz4xVPsQdiGhZgTN34i+gjq6DeR3okax5HJ7hlfJw10aCuiB8g==
  dependencies:
    "@algolia/requester-common" "4.9.2"
    "@algolia/transporter" "4.9.2"

"@algolia/client-recommendation@4.9.2":
  version "4.9.2"
  resolved "https://registry.yarnpkg.com/@algolia/client-recommendation/-/client-recommendation-4.9.2.tgz#b7de178e1d8146da5255afe3ccbd0ff69bd687d7"
  integrity sha512-BbcC+7XiPoAwPferoPgskMUIvioTd7+XoNT4n3sQsoe8YqNJ3u/ngrAxKmpcrEf13BpFT7XBhPm2FQAhlZpvug==
  dependencies:
    "@algolia/client-common" "4.9.2"
    "@algolia/requester-common" "4.9.2"
    "@algolia/transporter" "4.9.2"

"@algolia/client-search@4.9.2":
  version "4.9.2"
  resolved "https://registry.yarnpkg.com/@algolia/client-search/-/client-search-4.9.2.tgz#2253ddacb75e768919ec3a6c969a409f2dbda2aa"
  integrity sha512-z+wBEcMCFBzn+7s0lhk4miFR0fm5X4QXlutPVhSXACHD+uznRoRbmu31k7ZB6CgqqjT8E8Lsjif6rWX+wwtgyA==
  dependencies:
    "@algolia/client-common" "4.9.2"
    "@algolia/requester-common" "4.9.2"
    "@algolia/transporter" "4.9.2"

"@algolia/logger-common@4.9.2":
  version "4.9.2"
  resolved "https://registry.yarnpkg.com/@algolia/logger-common/-/logger-common-4.9.2.tgz#8a5d7c060bf7d514bbf186fbc5bae16a59acb8f1"
  integrity sha512-D9wxMCLRLZtz0BZ8yecDDGSDkiq6M2KImdckZ2TPcSqQPGsypInSvFSKVa4os//IkmE9NFVC2o1kFYedZmzhZg==

"@algolia/logger-console@4.9.2":
  version "4.9.2"
  resolved "https://registry.yarnpkg.com/@algolia/logger-console/-/logger-console-4.9.2.tgz#da382309350e1c114e2a0c8fc92b3a10c408c189"
  integrity sha512-HM5PQ1cvUbMFuAo493f1CpYNFteVHrUtM/sGOcS8zndML2ix72Qvyih7hEGGawHy2E2hYSNYcSHfL/gahTKiCg==
  dependencies:
    "@algolia/logger-common" "4.9.2"

"@algolia/requester-browser-xhr@4.9.2":
  version "4.9.2"
  resolved "https://registry.yarnpkg.com/@algolia/requester-browser-xhr/-/requester-browser-xhr-4.9.2.tgz#227e530c2c20a6a1db3ca68bf76ec43001d0decd"
  integrity sha512-gOeI5ZmPt/rayRYf1Sgn3/Yp3MKuVEypibp1CyBpie/q0CHA08O4RoiY93qnG83dfy9tkfmYqKCdXlBednGVbg==
  dependencies:
    "@algolia/requester-common" "4.9.2"

"@algolia/requester-common@4.9.2":
  version "4.9.2"
  resolved "https://registry.yarnpkg.com/@algolia/requester-common/-/requester-common-4.9.2.tgz#f28edf021ce1f02c6fad7f205d86d7458ff0620a"
  integrity sha512-B1cb69f5zbDgUQifx/ZDqFK9dpOSsg24Mq/5YlqkP3EyAVPVBooeDLUDSrgBLq2j1clUQ9H3yPwX8uRTzR/eYw==

"@algolia/requester-node-http@4.9.2":
  version "4.9.2"
  resolved "https://registry.yarnpkg.com/@algolia/requester-node-http/-/requester-node-http-4.9.2.tgz#3ad600d653ff4c4342e4710303ef467269166c45"
  integrity sha512-YBm4R4gUmlXFnPAxQAZEWOSq6xkWKN7mAJWvM8V+2W9a4qlJnxXj+fi7EJytAR8qc3vDXRWcmzYnsS246WhJ8g==
  dependencies:
    "@algolia/requester-common" "4.9.2"

"@algolia/transporter@4.9.2":
  version "4.9.2"
  resolved "https://registry.yarnpkg.com/@algolia/transporter/-/transporter-4.9.2.tgz#e3016b211c6fddf32d510cae8e383ba378ecceb0"
  integrity sha512-YvQKRU76HR850X1DK1OgcrjvvCyp/8FaYc74LHOAAuc9awcNuJY4NZjxHMU/Mm8TT4UKKX9cjGTrP/WJpu5VxA==
  dependencies:
    "@algolia/cache-common" "4.9.2"
    "@algolia/logger-common" "4.9.2"
    "@algolia/requester-common" "4.9.2"

"@babel/parser@^7.15.0":
  version "7.16.4"
  resolved "https://registry.yarnpkg.com/@babel/parser/-/parser-7.16.4.tgz#d5f92f57cf2c74ffe9b37981c0e72fee7311372e"
  integrity sha512-6V0qdPUaiVHH3RtZeLIsc+6pDhbYzHR8ogA8w+f+Wc77DuXto19g2QUwveINoS34Uw+W8/hQDGJCx+i4n7xcng==

"@docsearch/css@^1.0.0-alpha.28":
  version "1.0.0-alpha.28"
  resolved "https://registry.yarnpkg.com/@docsearch/css/-/css-1.0.0-alpha.28.tgz#c8a2cd8c1bb3a6855c51892e9dbdab5d42fe6e23"
  integrity sha512-1AhRzVdAkrWwhaxTX6/R7SnFHz8yLz1W8I/AldlTrfbNvZs9INk1FZiEFTJdgHaP68nhgQNWSGlQiDiI3y2RYg==

"@docsearch/js@^1.0.0-alpha.28":
  version "1.0.0-alpha.28"
  resolved "https://registry.yarnpkg.com/@docsearch/js/-/js-1.0.0-alpha.28.tgz#f0fde7b8a6b1e1d8a7ae1e7655c43d959b457b2b"
  integrity sha512-2g7aPhBy7FoEyeZW2G3LYHWVa8CFvqyozEz8PXt3hyywdFcmEIqmoCRwn8kboVftrOKCjtPcuLCewsaBoB3uiw==
  dependencies:
    "@docsearch/react" "^1.0.0-alpha.28"
    preact "^10.0.0"

"@docsearch/react@^1.0.0-alpha.28":
  version "1.0.0-alpha.28"
  resolved "https://registry.yarnpkg.com/@docsearch/react/-/react-1.0.0-alpha.28.tgz#4f039ed79f8b3332b19a57677b219aebc5010e9d"
  integrity sha512-XjJOnCBXn+UZmtuDmgzlVIHnnvh6yHVwG4aFq8AXN6xJEIX3f180FvGaowFWAxgdtHplJxFGux0Xx4piHqBzIw==
  dependencies:
    "@docsearch/css" "^1.0.0-alpha.28"
    "@francoischalifour/autocomplete-core" "^1.0.0-alpha.28"
    "@francoischalifour/autocomplete-preset-algolia" "^1.0.0-alpha.28"
    algoliasearch "^4.0.0"

"@element-plus/icons@^0.0.11":
  version "0.0.11"
  resolved "https://registry.yarnpkg.com/@element-plus/icons/-/icons-0.0.11.tgz#9b187c002774548b911850d17fa5fc2f9a515f57"
  integrity sha512-iKQXSxXu131Ai+I9Ymtcof9WId7kaXvB1+WRfAfpQCW7UiAMYgdNDqb/u0hgTo2Yq3MwC4MWJnNuTBEpG8r7+A==

"@francoischalifour/autocomplete-core@^1.0.0-alpha.28":
  version "1.0.0-alpha.28"
  resolved "https://registry.yarnpkg.com/@francoischalifour/autocomplete-core/-/autocomplete-core-1.0.0-alpha.28.tgz#6b9d8491288e77f831e9b345d461623b0d3f5005"
  integrity sha512-rL9x+72btViw+9icfBKUJjZj87FgjFrD2esuTUqtj4RAX3s4AuVZiN8XEsfjQBSc6qJk31cxlvqZHC/BIyYXgg==

"@francoischalifour/autocomplete-preset-algolia@^1.0.0-alpha.28":
  version "1.0.0-alpha.28"
  resolved "https://registry.yarnpkg.com/@francoischalifour/autocomplete-preset-algolia/-/autocomplete-preset-algolia-1.0.0-alpha.28.tgz#a5ad7996f42e43e4acbb4e0010d663746d0e9997"
  integrity sha512-bprfNmYt1opFUFEtD2XfY/kEsm13bzHQgU80uMjhuK0DJ914IjolT1GytpkdM6tJ4MBvyiJPP+bTtWO+BZ7c7w==

"@popperjs/core@^2.10.2":
  version "2.10.2"
  resolved "https://registry.yarnpkg.com/@popperjs/core/-/core-2.10.2.tgz#0798c03351f0dea1a5a4cabddf26a55a7cbee590"
  integrity sha512-IXf3XA7+XyN7CP9gGh/XB0UxVMlvARGEgGXLubFICsUMGz6Q+DU+i4gGlpOxTjKvXjkJDJC8YdqdKkDj9qZHEQ==

"@vitejs/plugin-vue@^1.9.0":
  version "1.9.4"
  resolved "https://registry.yarnpkg.com/@vitejs/plugin-vue/-/plugin-vue-1.9.4.tgz#4f48485432cbb986a9fb9d254dc33ce30ddccbfa"
  integrity sha512-0CZqaCoChriPTTtGkERy1LGPcYjGFpi2uYRhBPIkqJqUGV5JnJFhQAgh6oH9j5XZHfrRaisX8W0xSpO4T7S78A==

"@vue/compiler-core@3.2.22":
  version "3.2.22"
  resolved "https://registry.yarnpkg.com/@vue/compiler-core/-/compiler-core-3.2.22.tgz#5e3d3b983cc7f430ddbc6a8773c872dcf410dc89"
  integrity sha512-uAkovrVeTcjzpiM4ECmVaMrv/bjdgAaLzvjcGqQPBEyUrcqsCgccT9fHJ/+hWVGhyMahmBwLqcn4guULNx7sdw==
  dependencies:
    "@babel/parser" "^7.15.0"
    "@vue/shared" "3.2.22"
    estree-walker "^2.0.2"
    source-map "^0.6.1"

"@vue/compiler-dom@3.2.22":
  version "3.2.22"
  resolved "https://registry.yarnpkg.com/@vue/compiler-dom/-/compiler-dom-3.2.22.tgz#221cc358a6c0651c04e1dd22a8470b21e56ee1a5"
  integrity sha512-VZdsw/VuO1ODs8K7NQwnMQzKITDkIFlYYC03SVnunuf6eNRxBPEonSyqbWNoo6qNaHAEBTG6VVcZC5xC9bAx1g==
  dependencies:
    "@vue/compiler-core" "3.2.22"
    "@vue/shared" "3.2.22"

"@vue/compiler-sfc@3.2.22":
  version "3.2.22"
  resolved "https://registry.yarnpkg.com/@vue/compiler-sfc/-/compiler-sfc-3.2.22.tgz#ffd0e5e35479b6ade18d12fefec369cbaf2f7718"
  integrity sha512-tWRQ5ge1tsTDhUwHgueicKJ8rYm6WUVAPTaIpFW3GSwZKcOEJ2rXdfkHFShNVGupeRALz2ET2H84OL0GeRxY0A==
  dependencies:
    "@babel/parser" "^7.15.0"
    "@vue/compiler-core" "3.2.22"
    "@vue/compiler-dom" "3.2.22"
    "@vue/compiler-ssr" "3.2.22"
    "@vue/ref-transform" "3.2.22"
    "@vue/shared" "3.2.22"
    estree-walker "^2.0.2"
    magic-string "^0.25.7"
    postcss "^8.1.10"
    source-map "^0.6.1"

"@vue/compiler-ssr@3.2.22":
  version "3.2.22"
  resolved "https://registry.yarnpkg.com/@vue/compiler-ssr/-/compiler-ssr-3.2.22.tgz#23552c31b76b45baf5f244713c81d77ab59447d2"
  integrity sha512-Cl6aoLJtXzzBkk1sKod8S0WBJLts3+ugVC91d22gGpbkw/64WnF12tOZi7Rg54PPLi1NovqyNWPsLH/SAFcu+w==
  dependencies:
    "@vue/compiler-dom" "3.2.22"
    "@vue/shared" "3.2.22"

"@vue/reactivity@3.2.22":
  version "3.2.22"
  resolved "https://registry.yarnpkg.com/@vue/reactivity/-/reactivity-3.2.22.tgz#88655c0b4febc561136e6550e329039f860caa0a"
  integrity sha512-xNkLAItjI0xB+lFeDgKCrSItmrHTaAzSnt8LmdSCPQnDyarmzbi/u4ESQnckWvlL7lSRKiEaOvblaNyqAa7OnQ==
  dependencies:
    "@vue/shared" "3.2.22"

"@vue/ref-transform@3.2.22":
  version "3.2.22"
  resolved "https://registry.yarnpkg.com/@vue/ref-transform/-/ref-transform-3.2.22.tgz#16b03994eac71528cceff4cf76178ed9b44ac90a"
  integrity sha512-qalVWbq5xWWxLZ0L9OroBg/JZhzavQuCcDXblfErxyDEH6Xc5gIJ4feo1SVCICFzhAUgLgQTdSFLpgjBawbFpw==
  dependencies:
    "@babel/parser" "^7.15.0"
    "@vue/compiler-core" "3.2.22"
    "@vue/shared" "3.2.22"
    estree-walker "^2.0.2"
    magic-string "^0.25.7"

"@vue/runtime-core@3.2.22":
  version "3.2.22"
  resolved "https://registry.yarnpkg.com/@vue/runtime-core/-/runtime-core-3.2.22.tgz#111f1bc97f20249e05ca2189856d99c82d72de32"
  integrity sha512-e7WOC55wmHPvmoVUk9VBe/Z9k5bJfWJfVIlkUkiADJn0bOgQD29oh/GS14Kb3aEJXIHLI17Em6+HxNut1sIh7Q==
  dependencies:
    "@vue/reactivity" "3.2.22"
    "@vue/shared" "3.2.22"

"@vue/runtime-dom@3.2.22":
  version "3.2.22"
  resolved "https://registry.yarnpkg.com/@vue/runtime-dom/-/runtime-dom-3.2.22.tgz#c11d75dd51375ee4c74e339f6523ca05e37faa37"
  integrity sha512-w7VHYJoliLRTLc5beN77wxuOjla4v9wr2FF22xpZFYBmH4U1V7HkYhoHc1BTuNghI15CXT1tNIMhibI1nrQgdw==
  dependencies:
    "@vue/runtime-core" "3.2.22"
    "@vue/shared" "3.2.22"
    csstype "^2.6.8"

"@vue/server-renderer@3.2.22":
  version "3.2.22"
  resolved "https://registry.yarnpkg.com/@vue/server-renderer/-/server-renderer-3.2.22.tgz#049c91a495cb0fcdac02dec485c31cb99410885f"
  integrity sha512-jCwbQgKPXiXoH9VS9F7K+gyEvEMrjutannwEZD1R8fQ9szmOTqC+RRbIY3Uf2ibQjZtZ8DV9a4FjxICvd9zZlQ==
  dependencies:
    "@vue/compiler-ssr" "3.2.22"
    "@vue/shared" "3.2.22"

"@vue/shared@3.2.22":
  version "3.2.22"
  resolved "https://registry.yarnpkg.com/@vue/shared/-/shared-3.2.22.tgz#26dcbe5e530f6c1f2de5ca9aeab92ab00f523b41"
  integrity sha512-qWVav014mpjEtbWbEgl0q9pEyrrIySKum8UVYjwhC6njrKzknLZPvfuYdQyVbApsqr94tf/3dP4pCuZmmjdCWQ==

"@vueuse/core@^6.7.3":
  version "6.9.1"
  resolved "https://registry.yarnpkg.com/@vueuse/core/-/core-6.9.1.tgz#b28ae875b618d3865c5a5ceefd9184b3155e8777"
  integrity sha512-msa36DxnnbIu41bUTvfSudF6TL4wo0+Yrpw6yr1bFtwtYTOo8GZXYWPKyvXUVGhBBqrTVNTqsTtD0eXXHJ3roA==
  dependencies:
    "@vueuse/shared" "6.9.1"
    vue-demi "*"

"@vueuse/shared@6.9.1":
  version "6.9.1"
  resolved "https://registry.yarnpkg.com/@vueuse/shared/-/shared-6.9.1.tgz#b5ac81da7cc5846a35dbc71ce7dfd4a78506a0d7"
  integrity sha512-nQh+ayxkeCKUU9MZjyQpE7KfOb18e/QOHolOE2ZK5dpoHzCZK7MSXzgDtvb9omGkgK0mjXlLSJsVdGhG+QW7Aw==
  dependencies:
    vue-demi "*"

algoliasearch@^4.0.0:
  version "4.9.2"
  resolved "https://registry.yarnpkg.com/algoliasearch/-/algoliasearch-4.9.2.tgz#4aa1810736ff67b0e3b2e7e447fc84d8519bf877"
  integrity sha512-Njdx8Bg8q73qnzKj00BxVbFFVvI+WSxirWKmSz2nmJ0xiMTizLxpSxQO2ODtCHWSDsFMqb04sB2tzoSrJPlpUg==
  dependencies:
    "@algolia/cache-browser-local-storage" "4.9.2"
    "@algolia/cache-common" "4.9.2"
    "@algolia/cache-in-memory" "4.9.2"
    "@algolia/client-account" "4.9.2"
    "@algolia/client-analytics" "4.9.2"
    "@algolia/client-common" "4.9.2"
    "@algolia/client-recommendation" "4.9.2"
    "@algolia/client-search" "4.9.2"
    "@algolia/logger-common" "4.9.2"
    "@algolia/logger-console" "4.9.2"
    "@algolia/requester-browser-xhr" "4.9.2"
    "@algolia/requester-common" "4.9.2"
    "@algolia/requester-node-http" "4.9.2"
    "@algolia/transporter" "4.9.2"

async-validator@^4.0.7:
  version "4.0.7"
  resolved "https://registry.yarnpkg.com/async-validator/-/async-validator-4.0.7.tgz#034a0fd2103a6b2ebf010da75183bec299247afe"
  integrity sha512-Pj2IR7u8hmUEDOwB++su6baaRi+QvsgajuFB9j95foM1N2gy5HM4z60hfusIO0fBPG5uLAEl6yCJr1jNSVugEQ==

colorette@^1.2.2:
  version "1.2.2"
  resolved "https://registry.yarnpkg.com/colorette/-/colorette-1.2.2.tgz#cbcc79d5e99caea2dbf10eb3a26fd8b3e6acfa94"
  integrity sha512-MKGMzyfeuutC/ZJ1cba9NqcNpfeqMUcYmyF1ZFY6/Cn7CNSAKx6a+s48sqLqyAiZuaP2TcqMhoo+dlwFnVxT9w==

csstype@^2.6.8:
  version "2.6.17"
  resolved "https://registry.yarnpkg.com/csstype/-/csstype-2.6.17.tgz#4cf30eb87e1d1a005d8b6510f95292413f6a1c0e"
  integrity sha512-u1wmTI1jJGzCJzWndZo8mk4wnPTZd1eOIYTYvuEyOQGfmDl3TrabCCfKnOC86FZwW/9djqTl933UF/cS425i9A==

dayjs@^1.10.7:
  version "1.10.7"
  resolved "https://registry.yarnpkg.com/dayjs/-/dayjs-1.10.7.tgz#2cf5f91add28116748440866a0a1d26f3a6ce468"
  integrity sha512-P6twpd70BcPK34K26uJ1KT3wlhpuOAPoMwJzpsIWUxHZ7wpmbdZL/hQqBDfz7hGurYSa5PhzdhDHtt319hL3ig==

element-plus@^1.2.0-beta.3:
  version "1.2.0-beta.3"
  resolved "https://registry.yarnpkg.com/element-plus/-/element-plus-1.2.0-beta.3.tgz#0ded059e6c8ddc6f5d9dcdf32e1b7ed44ac38099"
  integrity sha512-vvUxR3uL2k9K+WCWz/98hq4uPQ6jvfGf0hfzWvao7pySJkNQq9DtRPC6/4/zUceA/J6Y2Yo3xSbR19JRCwurRw==
  dependencies:
    "@element-plus/icons" "^0.0.11"
    "@popperjs/core" "^2.10.2"
    "@vueuse/core" "^6.7.3"
    async-validator "^4.0.7"
    dayjs "^1.10.7"
    lodash "^4.17.21"
    memoize-one "^6.0.0"
    normalize-wheel-es "^1.1.0"

esbuild-android-arm64@0.13.14:
  version "0.13.14"
  resolved "https://registry.yarnpkg.com/esbuild-android-arm64/-/esbuild-android-arm64-0.13.14.tgz#c85083ece26be3d67e6c720e088968a98409e023"
  integrity sha512-Q+Xhfp827r+ma8/DJgpMRUbDZfefsk13oePFEXEIJ4gxFbNv5+vyiYXYuKm43/+++EJXpnaYmEnu4hAKbAWYbA==

esbuild-darwin-64@0.13.14:
  version "0.13.14"
  resolved "https://registry.yarnpkg.com/esbuild-darwin-64/-/esbuild-darwin-64-0.13.14.tgz#8e4e237ad847cc54a1d3a5caee26a746b9f0b81f"
  integrity sha512-YmOhRns6QBNSjpVdTahi/yZ8dscx9ai7a6OY6z5ACgOuQuaQ2Qk2qgJ0/siZ6LgD0gJFMV8UINFV5oky5TFNQQ==

esbuild-darwin-arm64@0.13.14:
  version "0.13.14"
  resolved "https://registry.yarnpkg.com/esbuild-darwin-arm64/-/esbuild-darwin-arm64-0.13.14.tgz#b3b5ebd40b2cb06ee0f6fb342dd4bdcca54ad273"
  integrity sha512-Lp00VTli2jqZghSa68fx3fEFCPsO1hK59RMo1PRap5RUjhf55OmaZTZYnCDI0FVlCtt+gBwX5qwFt4lc6tI1xg==

esbuild-freebsd-64@0.13.14:
  version "0.13.14"
  resolved "https://registry.yarnpkg.com/esbuild-freebsd-64/-/esbuild-freebsd-64-0.13.14.tgz#175ecb2fa8141428cf70ea2d5f4c27534bad53e0"
  integrity sha512-BKosI3jtvTfnmsCW37B1TyxMUjkRWKqopR0CE9AF2ratdpkxdR24Vpe3gLKNyWiZ7BE96/SO5/YfhbPUzY8wKw==

esbuild-freebsd-arm64@0.13.14:
  version "0.13.14"
  resolved "https://registry.yarnpkg.com/esbuild-freebsd-arm64/-/esbuild-freebsd-arm64-0.13.14.tgz#a7d64e41d1fa581f8db7775e5200f18e67d70c4d"
  integrity sha512-yd2uh0yf+fWv5114+SYTl4/1oDWtr4nN5Op+PGxAkMqHfYfLjFKpcxwCo/QOS/0NWqPVE8O41IYZlFhbEN2B8Q==

esbuild-linux-32@0.13.14:
  version "0.13.14"
  resolved "https://registry.yarnpkg.com/esbuild-linux-32/-/esbuild-linux-32-0.13.14.tgz#14bdd4f6b6cfd35c65c835894651ba335c2117da"
  integrity sha512-a8rOnS1oWSfkkYWXoD2yXNV4BdbDKA7PNVQ1klqkY9SoSApL7io66w5H44mTLsfyw7G6Z2vLlaLI2nz9MMAowA==

esbuild-linux-64@0.13.14:
  version "0.13.14"
  resolved "https://registry.yarnpkg.com/esbuild-linux-64/-/esbuild-linux-64-0.13.14.tgz#7fd56851b2982fdd0cd8447ee9858c2c5711708a"
  integrity sha512-yPZSoMs9W2MC3Dw+6kflKt5FfQm6Dicex9dGIr1OlHRsn3Hm7yGMUTctlkW53KknnZdOdcdd5upxvbxqymczVQ==

esbuild-linux-arm64@0.13.14:
  version "0.13.14"
  resolved "https://registry.yarnpkg.com/esbuild-linux-arm64/-/esbuild-linux-arm64-0.13.14.tgz#a55634d70679ba509adeafd68eebb9fd1ec5af6c"
  integrity sha512-Lvo391ln9PzC334e+jJ2S0Rt0cxP47eoH5gFyv/E8HhOnEJTvm7A+RRnMjjHnejELacTTfYgFGQYPjLsi/jObQ==

esbuild-linux-arm@0.13.14:
  version "0.13.14"
  resolved "https://registry.yarnpkg.com/esbuild-linux-arm/-/esbuild-linux-arm-0.13.14.tgz#bb96a99677e608b31ff61f37564326d38e846ca2"
  integrity sha512-8chZE4pkKRvJ/M/iwsNQ1KqsRg2RyU5eT/x2flNt/f8F2TVrDreR7I0HEeCR50wLla3B1C3wTIOzQBmjuc6uWg==

esbuild-linux-mips64le@0.13.14:
  version "0.13.14"
  resolved "https://registry.yarnpkg.com/esbuild-linux-mips64le/-/esbuild-linux-mips64le-0.13.14.tgz#6a55362a8fd1e593dea2ecc41877beed8b8184b9"
  integrity sha512-MZhgxbmrWbpY3TOE029O6l5tokG9+Yoj2hW7vdit/d/VnmneqeGrSHADuDL6qXM8L5jaCiaivb4VhsyVCpdAbQ==

esbuild-linux-ppc64le@0.13.14:
  version "0.13.14"
  resolved "https://registry.yarnpkg.com/esbuild-linux-ppc64le/-/esbuild-linux-ppc64le-0.13.14.tgz#9e0048587ece0a7f184ab147f20d077098045e7f"
  integrity sha512-un7KMwS7fX1Un6BjfSZxTT8L5cV/8Uf4SAhM7WYy2XF8o8TI+uRxxD03svZnRNIPsN2J5cl6qV4n7Iwz+yhhVw==

esbuild-netbsd-64@0.13.14:
  version "0.13.14"
  resolved "https://registry.yarnpkg.com/esbuild-netbsd-64/-/esbuild-netbsd-64-0.13.14.tgz#dcab16a4bbcfa16e2e8535dadc5f64fdc891c63b"
  integrity sha512-5ekKx/YbOmmlTeNxBjh38Uh5TGn5C4uyqN17i67k18pS3J+U2hTVD7rCxcFcRS1AjNWumkVL3jWqYXadFwMS0Q==

esbuild-openbsd-64@0.13.14:
  version "0.13.14"
  resolved "https://registry.yarnpkg.com/esbuild-openbsd-64/-/esbuild-openbsd-64-0.13.14.tgz#3c7453b155ebb68dc34d5aec3bd6505337bdda08"
  integrity sha512-9bzvwewHjct2Cv5XcVoE1yW5YTW12Sk838EYfA46abgnhxGoFSD1mFcaztp5HHC43AsF+hQxbSFG/RilONARUA==

esbuild-sunos-64@0.13.14:
  version "0.13.14"
  resolved "https://registry.yarnpkg.com/esbuild-sunos-64/-/esbuild-sunos-64-0.13.14.tgz#85addf5fef6b5db154a955d4f2e88953359d75ce"
  integrity sha512-mjMrZB76M6FmoiTvj/RGWilrioR7gVwtFBRVugr9qLarXMIU1W/pQx+ieEOtflrW61xo8w1fcxyHsVVGRvoQ0w==

esbuild-windows-32@0.13.14:
  version "0.13.14"
  resolved "https://registry.yarnpkg.com/esbuild-windows-32/-/esbuild-windows-32-0.13.14.tgz#f77f98f30a5c636c44db2428ecdf9bcbbaedb1a7"
  integrity sha512-GZa6mrx2rgfbH/5uHg0Rdw50TuOKbdoKCpEBitzmG5tsXBdce+cOL+iFO5joZc6fDVCLW3Y6tjxmSXRk/v20Hg==

esbuild-windows-64@0.13.14:
  version "0.13.14"
  resolved "https://registry.yarnpkg.com/esbuild-windows-64/-/esbuild-windows-64-0.13.14.tgz#bc778674c40d65150d12385e0f23eb3a0badbd0d"
  integrity sha512-Lsgqah24bT7ClHjLp/Pj3A9wxjhIAJyWQcrOV4jqXAFikmrp2CspA8IkJgw7HFjx6QrJuhpcKVbCAe/xw0i2yw==

esbuild-windows-arm64@0.13.14:
  version "0.13.14"
  resolved "https://registry.yarnpkg.com/esbuild-windows-arm64/-/esbuild-windows-arm64-0.13.14.tgz#91a8dad35ab2c4dd27cd83860742955b25a354d7"
  integrity sha512-KP8FHVlWGhM7nzYtURsGnskXb/cBCPTfj0gOKfjKq2tHtYnhDZywsUG57nk7TKhhK0fL11LcejHG3LRW9RF/9A==

esbuild@^0.13.2:
  version "0.13.14"
  resolved "https://registry.yarnpkg.com/esbuild/-/esbuild-0.13.14.tgz#98a3f7f42809abdc2b57c84565d0f713382dc1a5"
  integrity sha512-xu4D+1ji9x53ocuomcY+KOrwAnWzhBu/wTEjpdgZ8I1c8i5vboYIeigMdzgY1UowYBKa2vZgVgUB32bu7gkxeg==
  optionalDependencies:
    esbuild-android-arm64 "0.13.14"
    esbuild-darwin-64 "0.13.14"
    esbuild-darwin-arm64 "0.13.14"
    esbuild-freebsd-64 "0.13.14"
    esbuild-freebsd-arm64 "0.13.14"
    esbuild-linux-32 "0.13.14"
    esbuild-linux-64 "0.13.14"
    esbuild-linux-arm "0.13.14"
    esbuild-linux-arm64 "0.13.14"
    esbuild-linux-mips64le "0.13.14"
    esbuild-linux-ppc64le "0.13.14"
    esbuild-netbsd-64 "0.13.14"
    esbuild-openbsd-64 "0.13.14"
    esbuild-sunos-64 "0.13.14"
    esbuild-windows-32 "0.13.14"
    esbuild-windows-64 "0.13.14"
    esbuild-windows-arm64 "0.13.14"

estree-walker@^2.0.2:
  version "2.0.2"
  resolved "https://registry.yarnpkg.com/estree-walker/-/estree-walker-2.0.2.tgz#52f010178c2a4c117a7757cfe942adb7d2da4cac"
  integrity sha512-Rfkk/Mp/DL7JVje3u18FxFujQlTNR2q6QfMSMB7AvCBx91NGj/ba3kCfza0f6dVDbw7YlRf/nDrn7pQrCCyQ/w==

fsevents@~2.3.2:
  version "2.3.2"
  resolved "https://registry.yarnpkg.com/fsevents/-/fsevents-2.3.2.tgz#8a526f78b8fdf4623b709e0b975c52c24c02fd1a"
  integrity sha512-xiqMQR4xAeHTuB9uWm+fFRcIOgKBMiOBP+eXiyT7jsgVCq1bkVygt00oASowB7EdtpOHaaPgKt812P9ab+DDKA==

function-bind@^1.1.1:
  version "1.1.1"
  resolved "https://registry.yarnpkg.com/function-bind/-/function-bind-1.1.1.tgz#a56899d3ea3c9bab874bb9773b7c5ede92f4895d"
  integrity sha512-yIovAzMX49sF8Yl58fSCWJ5svSLuaibPxXQJFLmBObTuCr0Mf1KiPopGM9NiFjiYBCbfaa2Fh6breQ6ANVTI0A==

has@^1.0.3:
  version "1.0.3"
  resolved "https://registry.yarnpkg.com/has/-/has-1.0.3.tgz#722d7cbfc1f6aa8241f16dd814e011e1f41e8796"
  integrity sha512-f2dvO0VU6Oej7RkWJGrehjbzMAjFp5/VKPp5tTpWIV4JHHZK1/BxbFRtf/siA2SWTe09caDmVtYYzWEIbBS4zw==
  dependencies:
    function-bind "^1.1.1"

is-core-module@^2.2.0:
  version "2.4.0"
  resolved "https://registry.yarnpkg.com/is-core-module/-/is-core-module-2.4.0.tgz#8e9fc8e15027b011418026e98f0e6f4d86305cc1"
  integrity sha512-6A2fkfq1rfeQZjxrZJGerpLCTHRNEBiSgnu0+obeJpEPZRUooHgsizvzv0ZjJwOz3iWIHdJtVWJ/tmPr3D21/A==
  dependencies:
    has "^1.0.3"

lodash@^4.17.21:
  version "4.17.21"
  resolved "https://registry.yarnpkg.com/lodash/-/lodash-4.17.21.tgz#679591c564c3bffaae8454cf0b3df370c3d6911c"
  integrity sha512-v2kDEe57lecTulaDIuNTPy3Ry4gLGJ6Z1O3vE1krgXZNrsQ+LFTGHVxVjcXPs17LhbZVGedAJv8XZ1tvj5FvSg==

magic-string@^0.25.7:
  version "0.25.7"
  resolved "https://registry.yarnpkg.com/magic-string/-/magic-string-0.25.7.tgz#3f497d6fd34c669c6798dcb821f2ef31f5445051"
  integrity sha512-4CrMT5DOHTDk4HYDlzmwu4FVCcIYI8gauveasrdCu2IKIFOJ3f0v/8MDGJCDL9oD2ppz/Av1b0Nj345H9M+XIA==
  dependencies:
    sourcemap-codec "^1.4.4"

memoize-one@^6.0.0:
  version "6.0.0"
  resolved "https://registry.yarnpkg.com/memoize-one/-/memoize-one-6.0.0.tgz#b2591b871ed82948aee4727dc6abceeeac8c1045"
  integrity sha512-rkpe71W0N0c0Xz6QD0eJETuWAJGnJ9afsl1srmwPrI+yBCkge5EycXXbYRyvL29zZVUWQCY7InPRCv3GDXuZNw==

nanoid@^3.1.23:
  version "3.1.23"
  resolved "https://registry.yarnpkg.com/nanoid/-/nanoid-3.1.23.tgz#f744086ce7c2bc47ee0a8472574d5c78e4183a81"
  integrity sha512-FiB0kzdP0FFVGDKlRLEQ1BgDzU87dy5NnzjeW9YZNt+/c3+q82EQDUwniSAUxp/F0gFNI1ZhKU1FqYsMuqZVnw==

nanoid@^3.1.30:
  version "3.1.30"
  resolved "https://registry.yarnpkg.com/nanoid/-/nanoid-3.1.30.tgz#63f93cc548d2a113dc5dfbc63bfa09e2b9b64362"
  integrity sha512-zJpuPDwOv8D2zq2WRoMe1HsfZthVewpel9CAvTfc/2mBD1uUT/agc5f7GHGWXlYkFvi1mVxe4IjvP2HNrop7nQ==

normalize-wheel-es@^1.1.0:
  version "1.1.1"
  resolved "https://registry.yarnpkg.com/normalize-wheel-es/-/normalize-wheel-es-1.1.1.tgz#a8096db6a56f94332d884fd8ebeda88f2fc79569"
  integrity sha512-157VNH4CngrcsvF8xOVOe22cwniIR3nxSltdctvQeHZj8JttEeOXffK28jucWfWBXs0QNetAumjc1GiInnwX4w==

path-parse@^1.0.6:
  version "1.0.7"
  resolved "https://registry.yarnpkg.com/path-parse/-/path-parse-1.0.7.tgz#fbc114b60ca42b30d9daf5858e4bd68bbedb6735"
  integrity sha512-LDJzPVEEEPR+y48z93A0Ed0yXb8pAByGWo/k5YYdYgpY2/2EsOsksJrq7lOHxryrVOn1ejG6oAp8ahvOIQD8sw==

picocolors@^1.0.0:
  version "1.0.0"
  resolved "https://registry.yarnpkg.com/picocolors/-/picocolors-1.0.0.tgz#cb5bdc74ff3f51892236eaf79d68bc44564ab81c"
  integrity sha512-1fygroTLlHu66zi26VoTDv8yRgm0Fccecssto+MhsZ0D/DGW2sm8E8AjW7NU5VVTRt5GxbeZ5qBuJr+HyLYkjQ==

postcss@^8.1.10:
  version "8.3.2"
  resolved "https://registry.yarnpkg.com/postcss/-/postcss-8.3.2.tgz#ed3ec489f5428af5740cd6effcc216b4d455ee64"
  integrity sha512-y1FK/AWdZlBF5lusS5j5l4/vF67+vQZt1SXPVJ32y1kRGDQyrs1zk32hG1cInRTu14P0V+orPz+ifwW/7rR4bg==
  dependencies:
    colorette "^1.2.2"
    nanoid "^3.1.23"
    source-map-js "^0.6.2"

postcss@^8.3.8:
  version "8.3.11"
  resolved "https://registry.yarnpkg.com/postcss/-/postcss-8.3.11.tgz#c3beca7ea811cd5e1c4a3ec6d2e7599ef1f8f858"
  integrity sha512-hCmlUAIlUiav8Xdqw3Io4LcpA1DOt7h3LSTAC4G6JGHFFaWzI6qvFt9oilvl8BmkbBRX1IhM90ZAmpk68zccQA==
  dependencies:
    nanoid "^3.1.30"
    picocolors "^1.0.0"
    source-map-js "^0.6.2"

preact@^10.0.0:
  version "10.5.13"
  resolved "https://registry.yarnpkg.com/preact/-/preact-10.5.13.tgz#85f6c9197ecd736ce8e3bec044d08fd1330fa019"
  integrity sha512-q/vlKIGNwzTLu+jCcvywgGrt+H/1P/oIRSD6mV4ln3hmlC+Aa34C7yfPI4+5bzW8pONyVXYS7SvXosy2dKKtWQ==

prismjs@^1.25.0:
  version "1.25.0"
  resolved "https://registry.yarnpkg.com/prismjs/-/prismjs-1.25.0.tgz#6f822df1bdad965734b310b315a23315cf999756"
  integrity sha512-WCjJHl1KEWbnkQom1+SzftbtXMKQoezOCYs5rECqMN+jP+apI7ftoflyqigqzopSO3hMhTEb0mFClA8lkolgEg==

resolve@^1.20.0:
  version "1.20.0"
  resolved "https://registry.yarnpkg.com/resolve/-/resolve-1.20.0.tgz#629a013fb3f70755d6f0b7935cc1c2c5378b1975"
  integrity sha512-wENBPt4ySzg4ybFQW2TT1zMQucPK95HSh/nq2CFTZVOGut2+pQvSsgtda4d26YrYcr067wjbmzOG8byDPBX63A==
  dependencies:
    is-core-module "^2.2.0"
    path-parse "^1.0.6"

rollup@^2.57.0:
  version "2.60.0"
  resolved "https://registry.yarnpkg.com/rollup/-/rollup-2.60.0.tgz#4ee60ab7bdd0356763f87d7099f413e5460fc193"
  integrity sha512-cHdv9GWd58v58rdseC8e8XIaPUo8a9cgZpnCMMDGZFDZKEODOiPPEQFXLriWr/TjXzhPPmG5bkAztPsOARIcGQ==
  optionalDependencies:
    fsevents "~2.3.2"

source-map-js@^0.6.2:
  version "0.6.2"
  resolved "https://registry.yarnpkg.com/source-map-js/-/source-map-js-0.6.2.tgz#0bb5de631b41cfbda6cfba8bd05a80efdfd2385e"
  integrity sha512-/3GptzWzu0+0MBQFrDKzw/DvvMTUORvgY6k6jd/VS6iCR4RDTKWH6v6WPwQoUO8667uQEf9Oe38DxAYWY5F/Ug==

source-map@^0.6.1:
  version "0.6.1"
  resolved "https://registry.yarnpkg.com/source-map/-/source-map-0.6.1.tgz#74722af32e9614e9c287a8d0bbde48b5e2f1a263"
  integrity sha512-UjgapumWlbMhkBgzT7Ykc5YXUT46F0iKu8SGXq0bcwP5dz/h0Plj6enJqjz1Zbq2l5WaqYnrVbwWOWMyF3F47g==

sourcemap-codec@^1.4.4:
  version "1.4.8"
  resolved "https://registry.yarnpkg.com/sourcemap-codec/-/sourcemap-codec-1.4.8.tgz#ea804bd94857402e6992d05a38ef1ae35a9ab4c4"
  integrity sha512-9NykojV5Uih4lgo5So5dtw+f0JgJX30KCNI8gwhz2J9A15wD0Ml6tjHKwf6fTSa6fAdVBdZeNOs9eJ71qCk8vA==

vite@^2.6.5:
  version "2.6.14"
  resolved "https://registry.yarnpkg.com/vite/-/vite-2.6.14.tgz#35c09a15e4df823410819a2a239ab11efb186271"
  integrity sha512-2HA9xGyi+EhY2MXo0+A2dRsqsAG3eFNEVIo12olkWhOmc8LfiM+eMdrXf+Ruje9gdXgvSqjLI9freec1RUM5EA==
  dependencies:
    esbuild "^0.13.2"
    postcss "^8.3.8"
    resolve "^1.20.0"
    rollup "^2.57.0"
  optionalDependencies:
    fsevents "~2.3.2"

vitepress@^0.20.1:
  version "0.20.1"
  resolved "https://registry.yarnpkg.com/vitepress/-/vitepress-0.20.1.tgz#34d39950a5062a4efa5621be3a78c005f656faee"
  integrity sha512-2SOlvRv0bvPrQ3RPtp7Fh/G1MKidrsgAgYz18OvV+nIJb9iiYo0GUVHKN3OYswMh+vH78NyTeA1Q5v4YJ/H9LQ==
  dependencies:
    "@docsearch/css" "^1.0.0-alpha.28"
    "@docsearch/js" "^1.0.0-alpha.28"
    "@vitejs/plugin-vue" "^1.9.0"
    prismjs "^1.25.0"
    vite "^2.6.5"
    vue "^3.2.19"

vue-demi@*:
  version "0.12.1"
  resolved "https://registry.yarnpkg.com/vue-demi/-/vue-demi-0.12.1.tgz#f7e18efbecffd11ab069d1472d7a06e319b4174c"
  integrity sha512-QL3ny+wX8c6Xm1/EZylbgzdoDolye+VpCXRhI2hug9dJTP3OUJ3lmiKN3CsVV3mOJKwFi0nsstbgob0vG7aoIw==

vue@^3.2.19:
  version "3.2.22"
  resolved "https://registry.yarnpkg.com/vue/-/vue-3.2.22.tgz#46e4dd89e98cc4b851ae1eb35f00ced413a34bb7"
  integrity sha512-KD5nZpXVZquOC6926Xnp3zOvswrUyO9Rya7ZUoxWFQEjFDW4iACtwzubRB4Um2Om9kj6CaJOqAVRDSFlqLpdgw==
  dependencies:
    "@vue/compiler-dom" "3.2.22"
    "@vue/compiler-sfc" "3.2.22"
    "@vue/runtime-dom" "3.2.22"
    "@vue/server-renderer" "3.2.22"
    "@vue/shared" "3.2.22"
